
Microsoft Visual Studio Solution File, Format Version 12.00
# Visual Studio Version 17
VisualStudioVersion = 17.7.34031.279
MinimumVisualStudioVersion = 10.0.40219.1
Project("{9A19103F-16F7-4668-BE54-9A1E7A4F7556}") = "CDGraph", "CDGraph\CDGraph.csproj", "{2FDF7874-5AF4-4A1F-8F59-BE5125338723}"
EndProject
Project("{9A19103F-16F7-4668-BE54-9A1E7A4F7556}") = "CDSystem", "CDSystem\CDSystem.csproj", "{2168A379-9B40-4FC2-AD6D-59936A205EF3}"
EndProject
Project("{9A19103F-16F7-4668-BE54-9A1E7A4F7556}") = "CDClassLibrary", "CDClassLibrary\CDClassLibrary.csproj", "{6054B20B-725D-45B8-85D5-1411DEB30B90}"
EndProject
Global
	GlobalSection(SolutionConfigurationPlatforms) = preSolution
		Debug|Any CPU = Debug|Any CPU
		Release|Any CPU = Release|Any CPU
	EndGlobalSection
	GlobalSection(ProjectConfigurationPlatforms) = postSolution
		{2FDF7874-5AF4-4A1F-8F59-BE5125338723}.Debug|Any CPU.ActiveCfg = Debug|Any CPU
		{2FDF7874-5AF4-4A1F-8F59-BE5125338723}.Debug|Any CPU.Build.0 = Debug|Any CPU
		{2FDF7874-5AF4-4A1F-8F59-BE5125338723}.Release|Any CPU.ActiveCfg = Release|Any CPU
		{2FDF7874-5AF4-4A1F-8F59-BE5125338723}.Release|Any CPU.Build.0 = Release|Any CPU
		{2168A379-9B40-4FC2-AD6D-59936A205EF3}.Debug|Any CPU.ActiveCfg = Debug|Any CPU
		{2168A379-9B40-4FC2-AD6D-59936A205EF3}.Debug|Any CPU.Build.0 = Debug|Any CPU
		{2168A379-9B40-4FC2-AD6D-59936A205EF3}.Release|Any CPU.ActiveCfg = Release|Any CPU
		{2168A379-9B40-4FC2-AD6D-59936A205EF3}.Release|Any CPU.Build.0 = Release|Any CPU
		{6054B20B-725D-45B8-85D5-1411DEB30B90}.Debug|Any CPU.ActiveCfg = Debug|Any CPU
		{6054B20B-725D-45B8-85D5-1411DEB30B90}.Debug|Any CPU.Build.0 = Debug|Any CPU
		{6054B20B-725D-45B8-85D5-1411DEB30B90}.Release|Any CPU.ActiveCfg = Release|Any CPU
		{6054B20B-725D-45B8-85D5-1411DEB30B90}.Release|Any CPU.Build.0 = Release|Any CPU
	EndGlobalSection
	GlobalSection(SolutionProperties) = preSolution
		HideSolutionNode = FALSE
	EndGlobalSection
	GlobalSection(ExtensibilityGlobals) = postSolution
		SolutionGuid = {5A53BA15-01E3-4874-BE87-08BE2B766F66}
	EndGlobalSection
EndGlobal
